
Microsoft Visual Studio Solution File, Format Version 12.00
# Visual Studio Version 17
VisualStudioVersion = 17.4.33103.184
MinimumVisualStudioVersion = 10.0.40219.1
Project("{FAE04EC0-301F-11D3-BF4B-00C04F79EFBC}") = "BMPReader", "BMPReader\BMPReader.csproj", "{F81237C8-4059-46FE-B9B3-D683E84C4C3C}"
EndProject
Global
	GlobalSection(SolutionConfigurationPlatforms) = preSolution
		Debug|Any CPU = Debug|Any CPU
		Release|Any CPU = Release|Any CPU
	EndGlobalSection
	GlobalSection(ProjectConfigurationPlatforms) = postSolution
		{F81237C8-4059-46FE-B9B3-D683E84C4C3C}.Debug|Any CPU.ActiveCfg = Debug|Any CPU
		{F81237C8-4059-46FE-B9B3-D683E84C4C3C}.Debug|Any CPU.Build.0 = Debug|Any CPU
		{F81237C8-4059-46FE-B9B3-D683E84C4C3C}.Release|Any CPU.ActiveCfg = Release|Any CPU
		{F81237C8-4059-46FE-B9B3-D683E84C4C3C}.Release|Any CPU.Build.0 = Release|Any CPU
	EndGlobalSection
	GlobalSection(SolutionProperties) = preSolution
		HideSolutionNode = FALSE
	EndGlobalSection
	GlobalSection(ExtensibilityGlobals) = postSolution
		SolutionGuid = {2886D4B2-44B7-445E-9F04-B806714A3716}
	EndGlobalSection
EndGlobal
