
Microsoft Visual Studio Solution File, Format Version 12.00
# Visual Studio Version 17
VisualStudioVersion = 17.4.33103.184
MinimumVisualStudioVersion = 10.0.40219.1
Project("{FAE04EC0-301F-11D3-BF4B-00C04F79EFBC}") = "BMPWriter", "BMPWriter\BMPWriter.csproj", "{BE08F102-D61A-4AF7-B7D2-C3DB0C334F13}"
EndProject
Global
	GlobalSection(SolutionConfigurationPlatforms) = preSolution
		Debug|Any CPU = Debug|Any CPU
		Release|Any CPU = Release|Any CPU
	EndGlobalSection
	GlobalSection(ProjectConfigurationPlatforms) = postSolution
		{BE08F102-D61A-4AF7-B7D2-C3DB0C334F13}.Debug|Any CPU.ActiveCfg = Debug|Any CPU
		{BE08F102-D61A-4AF7-B7D2-C3DB0C334F13}.Debug|Any CPU.Build.0 = Debug|Any CPU
		{BE08F102-D61A-4AF7-B7D2-C3DB0C334F13}.Release|Any CPU.ActiveCfg = Release|Any CPU
		{BE08F102-D61A-4AF7-B7D2-C3DB0C334F13}.Release|Any CPU.Build.0 = Release|Any CPU
	EndGlobalSection
	GlobalSection(SolutionProperties) = preSolution
		HideSolutionNode = FALSE
	EndGlobalSection
	GlobalSection(ExtensibilityGlobals) = postSolution
		SolutionGuid = {0089897B-3DA9-49A1-816B-4A538E826F86}
	EndGlobalSection
EndGlobal
